# This file is autogenerated, do not edit; changes may be undone by the next 'dep ensure'.


[[projects]]
  name = "github.com/go-redis/redis"
  packages = [".","internal","internal/consistenthash","internal/hashtag","internal/pool","internal/proto"]
  revision = "19c1c2272e00c1aaa903cf574c746cd449f9cd3c"
  version = "v6.5.7"

[[projects]]
  name = "github.com/nats-io/go-nats"
  packages = [".","encoders/builtin","util"]
  revision = "29f9728a183bf3fa7e809e14edac00b33be72088"
  version = "v1.3.0"

[[projects]]
  name = "github.com/nats-io/nuid"
  packages = ["."]
  revision = "289cccf02c178dc782430d534e3c1f5b72af807f"
  version = "v1.0.0"

[[projects]]
  name = "github.com/regner/albiondata-client"
  packages = ["lib"]
  revision = "dc9b4ab3e59e84be13d641b51fbc6a8d00382c75"
  version = "0.0.3"

[solve-meta]
  analyzer-name = "dep"
  analyzer-version = 1
  inputs-digest = "56918cd18b2054f9a6e9fa1bd64f105548e2837a2e79b9fcd58836c3011501a8"
  solver-name = "gps-cdcl"
  solver-version = 1
